// !$*UTF8*$!
{
	archiveVersion = 1;
	classes = {
	};
	objectVersion = 56;
	objects = {

/* Begin PBXBuildFile section */
		E6108FCA2ACD73AB00A8F1D7 /* delivery_ChefsApp.swift in Sources */ = {isa = PBXBuildFile; fileRef = E6108FC92ACD73AB00A8F1D7 /* delivery_ChefsApp.swift */; };
		E6108FCC2ACD73AB00A8F1D7 /* ContentView.swift in Sources */ = {isa = PBXBuildFile; fileRef = E6108FCB2ACD73AB00A8F1D7 /* ContentView.swift */; };
		E6108FCE2ACD73B000A8F1D7 /* Assets.xcassets in Resources */ = {isa = PBXBuildFile; fileRef = E6108FCD2ACD73B000A8F1D7 /* Assets.xcassets */; };
		E6108FD12ACD73B000A8F1D7 /* Preview Assets.xcassets in Resources */ = {isa = PBXBuildFile; fileRef = E6108FD02ACD73B000A8F1D7 /* Preview Assets.xcassets */; };
		E62570DE2ACE3BB700254E6E /* OrderTypeGridView.swift in Sources */ = {isa = PBXBuildFile; fileRef = E62570DD2ACE3BB700254E6E /* OrderTypeGridView.swift */; };
		E62570E12ACE413600254E6E /* OrderType.swift in Sources */ = {isa = PBXBuildFile; fileRef = E62570E02ACE413600254E6E /* OrderType.swift */; };
		E62570E32ACE41E900254E6E /* DataSourceMock.swift in Sources */ = {isa = PBXBuildFile; fileRef = E62570E22ACE41E900254E6E /* DataSourceMock.swift */; };
		E62570E52ACE46BF00254E6E /* OrderTypeView.swift in Sources */ = {isa = PBXBuildFile; fileRef = E62570E42ACE46BF00254E6E /* OrderTypeView.swift */; };
		E64624562AD0E69B00BCF86B /* CarouselItemView.swift in Sources */ = {isa = PBXBuildFile; fileRef = E64624552AD0E69B00BCF86B /* CarouselItemView.swift */; };
		E64624582AD0E84200BCF86B /* CarouselTabView.swift in Sources */ = {isa = PBXBuildFile; fileRef = E64624572AD0E84200BCF86B /* CarouselTabView.swift */; };
		E69825DB2ACD7451009AB9B1 /* NavigationBar.swift in Sources */ = {isa = PBXBuildFile; fileRef = E69825DA2ACD7451009AB9B1 /* NavigationBar.swift */; };
/* End PBXBuildFile section */

/* Begin PBXFileReference section */
		E6108FC62ACD73AB00A8F1D7 /* delivery Chefs.app */ = {isa = PBXFileReference; explicitFileType = wrapper.application; includeInIndex = 0; path = "delivery Chefs.app"; sourceTree = BUILT_PRODUCTS_DIR; };
		E6108FC92ACD73AB00A8F1D7 /* delivery_ChefsApp.swift */ = {isa = PBXFileReference; lastKnownFileType = sourcecode.swift; path = delivery_ChefsApp.swift; sourceTree = "<group>"; };
		E6108FCB2ACD73AB00A8F1D7 /* ContentView.swift */ = {isa = PBXFileReference; lastKnownFileType = sourcecode.swift; path = ContentView.swift; sourceTree = "<group>"; };
		E6108FCD2ACD73B000A8F1D7 /* Assets.xcassets */ = {isa = PBXFileReference; lastKnownFileType = folder.assetcatalog; path = Assets.xcassets; sourceTree = "<group>"; };
		E6108FD02ACD73B000A8F1D7 /* Preview Assets.xcassets */ = {isa = PBXFileReference; lastKnownFileType = folder.assetcatalog; path = "Preview Assets.xcassets"; sourceTree = "<group>"; };
		E62570DD2ACE3BB700254E6E /* OrderTypeGridView.swift */ = {isa = PBXFileReference; lastKnownFileType = sourcecode.swift; path = OrderTypeGridView.swift; sourceTree = "<group>"; };
		E62570E02ACE413600254E6E /* OrderType.swift */ = {isa = PBXFileReference; lastKnownFileType = sourcecode.swift; path = OrderType.swift; sourceTree = "<group>"; };
		E62570E22ACE41E900254E6E /* DataSourceMock.swift */ = {isa = PBXFileReference; lastKnownFileType = sourcecode.swift; path = DataSourceMock.swift; sourceTree = "<group>"; };
		E62570E42ACE46BF00254E6E /* OrderTypeView.swift */ = {isa = PBXFileReference; lastKnownFileType = sourcecode.swift; path = OrderTypeView.swift; sourceTree = "<group>"; };
		E64624552AD0E69B00BCF86B /* CarouselItemView.swift */ = {isa = PBXFileReference; lastKnownFileType = sourcecode.swift; path = CarouselItemView.swift; sourceTree = "<group>"; };
		E64624572AD0E84200BCF86B /* CarouselTabView.swift */ = {isa = PBXFileReference; lastKnownFileType = sourcecode.swift; path = CarouselTabView.swift; sourceTree = "<group>"; };
		E69825DA2ACD7451009AB9B1 /* NavigationBar.swift */ = {isa = PBXFileReference; lastKnownFileType = sourcecode.swift; path = NavigationBar.swift; sourceTree = "<group>"; };
/* End PBXFileReference section */

/* Begin PBXFrameworksBuildPhase section */
		E6108FC32ACD73AB00A8F1D7 /* Frameworks */ = {
			isa = PBXFrameworksBuildPhase;
			buildActionMask = 2147483647;
			files = (
			);
			runOnlyForDeploymentPostprocessing = 0;
		};
/* End PBXFrameworksBuildPhase section */

/* Begin PBXGroup section */
		E6108FBD2ACD73AB00A8F1D7 = {
			isa = PBXGroup;
			children = (
				E6108FC82ACD73AB00A8F1D7 /* delivery Chefs */,
				E6108FC72ACD73AB00A8F1D7 /* Products */,
			);
			sourceTree = "<group>";
		};
		E6108FC72ACD73AB00A8F1D7 /* Products */ = {
			isa = PBXGroup;
			children = (
				E6108FC62ACD73AB00A8F1D7 /* delivery Chefs.app */,
			);
			name = Products;
			sourceTree = "<group>";
		};
		E6108FC82ACD73AB00A8F1D7 /* delivery Chefs */ = {
			isa = PBXGroup;
			children = (
				E69825D92ACD7423009AB9B1 /* App */,
				E62570DF2ACE40FE00254E6E /* Model */,
				E69825D82ACD740D009AB9B1 /* NavigationBar */,
				E62570DC2ACE3B8900254E6E /* GridView */,
				E64624542AD0E65400BCF86B /* CarouseulView */,
				E6108FCD2ACD73B000A8F1D7 /* Assets.xcassets */,
				E6108FCF2ACD73B000A8F1D7 /* Preview Content */,
			);
			path = "delivery Chefs";
			sourceTree = "<group>";
		};
		E6108FCF2ACD73B000A8F1D7 /* Preview Content */ = {
			isa = PBXGroup;
			children = (
				E6108FD02ACD73B000A8F1D7 /* Preview Assets.xcassets */,
			);
			path = "Preview Content";
			sourceTree = "<group>";
		};
		E62570DC2ACE3B8900254E6E /* GridView */ = {
			isa = PBXGroup;
			children = (
				E62570DD2ACE3BB700254E6E /* OrderTypeGridView.swift */,
				E62570E42ACE46BF00254E6E /* OrderTypeView.swift */,
			);
			path = GridView;
			sourceTree = "<group>";
		};
		E62570DF2ACE40FE00254E6E /* Model */ = {
			isa = PBXGroup;
			children = (
				E62570E02ACE413600254E6E /* OrderType.swift */,
				E62570E22ACE41E900254E6E /* DataSourceMock.swift */,
			);
			path = Model;
			sourceTree = "<group>";
		};
		E64624542AD0E65400BCF86B /* CarouseulView */ = {
			isa = PBXGroup;
			children = (
				E64624552AD0E69B00BCF86B /* CarouselItemView.swift */,
				E64624572AD0E84200BCF86B /* CarouselTabView.swift */,
			);
			path = CarouseulView;
			sourceTree = "<group>";
		};
		E69825D82ACD740D009AB9B1 /* NavigationBar */ = {
			isa = PBXGroup;
			children = (
				E69825DA2ACD7451009AB9B1 /* NavigationBar.swift */,
			);
			path = NavigationBar;
			sourceTree = "<group>";
		};
		E69825D92ACD7423009AB9B1 /* App */ = {
			isa = PBXGroup;
			children = (
				E6108FCB2ACD73AB00A8F1D7 /* ContentView.swift */,
				E6108FC92ACD73AB00A8F1D7 /* delivery_ChefsApp.swift */,
			);
			path = App;
			sourceTree = "<group>";
		};
/* End PBXGroup section */

/* Begin PBXNativeTarget section */
		E6108FC52ACD73AB00A8F1D7 /* delivery Chefs */ = {
			isa = PBXNativeTarget;
			buildConfigurationList = E6108FD42ACD73B000A8F1D7 /* Build configuration list for PBXNativeTarget "delivery Chefs" */;
			buildPhases = (
				E6108FC22ACD73AB00A8F1D7 /* Sources */,
				E6108FC32ACD73AB00A8F1D7 /* Frameworks */,
				E6108FC42ACD73AB00A8F1D7 /* Resources */,
			);
			buildRules = (
			);
			dependencies = (
			);
			name = "delivery Chefs";
			productName = "delivery Chefs";
			productReference = E6108FC62ACD73AB00A8F1D7 /* delivery Chefs.app */;
			productType = "com.apple.product-type.application";
		};
/* End PBXNativeTarget section */

/* Begin PBXProject section */
		E6108FBE2ACD73AB00A8F1D7 /* Project object */ = {
			isa = PBXProject;
			attributes = {
				BuildIndependentTargetsInParallel = 1;
				LastSwiftUpdateCheck = 1420;
				LastUpgradeCheck = 1420;
				TargetAttributes = {
					E6108FC52ACD73AB00A8F1D7 = {
						CreatedOnToolsVersion = 14.2;
					};
				};
			};
			buildConfigurationList = E6108FC12ACD73AB00A8F1D7 /* Build configuration list for PBXProject "delivery Chefs" */;
			compatibilityVersion = "Xcode 14.0";
			developmentRegion = en;
			hasScannedForEncodings = 0;
			knownRegions = (
				en,
				Base,
			);
			mainGroup = E6108FBD2ACD73AB00A8F1D7;
			productRefGroup = E6108FC72ACD73AB00A8F1D7 /* Products */;
			projectDirPath = "";
			projectRoot = "";
			targets = (
				E6108FC52ACD73AB00A8F1D7 /* delivery Chefs */,
			);
		};
/* End PBXProject section */

/* Begin PBXResourcesBuildPhase section */
		E6108FC42ACD73AB00A8F1D7 /* Resources */ = {
			isa = PBXResourcesBuildPhase;
			buildActionMask = 2147483647;
			files = (
				E6108FD12ACD73B000A8F1D7 /* Preview Assets.xcassets in Resources */,
				E6108FCE2ACD73B000A8F1D7 /* Assets.xcassets in Resources */,
			);
			runOnlyForDeploymentPostprocessing = 0;
		};
/* End PBXResourcesBuildPhase section */

/* Begin PBXSourcesBuildPhase section */
		E6108FC22ACD73AB00A8F1D7 /* Sources */ = {
			isa = PBXSourcesBuildPhase;
			buildActionMask = 2147483647;
			files = (
				E62570E12ACE413600254E6E /* OrderType.swift in Sources */,
				E64624562AD0E69B00BCF86B /* CarouselItemView.swift in Sources */,
				E6108FCC2ACD73AB00A8F1D7 /* ContentView.swift in Sources */,
				E62570E32ACE41E900254E6E /* DataSourceMock.swift in Sources */,
				E62570E52ACE46BF00254E6E /* OrderTypeView.swift in Sources */,
				E62570DE2ACE3BB700254E6E /* OrderTypeGridView.swift in Sources */,
				E6108FCA2ACD73AB00A8F1D7 /* delivery_ChefsApp.swift in Sources */,
				E69825DB2ACD7451009AB9B1 /* NavigationBar.swift in Sources */,
				E64624582AD0E84200BCF86B /* CarouselTabView.swift in Sources */,
			);
			runOnlyForDeploymentPostprocessing = 0;
		};
/* End PBXSourcesBuildPhase section */

/* Begin XCBuildConfiguration section */
		E6108FD22ACD73B000A8F1D7 /* Debug */ = {
			isa = XCBuildConfiguration;
			buildSettings = {
				ALWAYS_SEARCH_USER_PATHS = NO;
				CLANG_ANALYZER_NONNULL = YES;
				CLANG_ANALYZER_NUMBER_OBJECT_CONVERSION = YES_AGGRESSIVE;
				CLANG_CXX_LANGUAGE_STANDARD = "gnu++20";
				CLANG_ENABLE_MODULES = YES;
				CLANG_ENABLE_OBJC_ARC = YES;
				CLANG_ENABLE_OBJC_WEAK = YES;
				CLANG_WARN_BLOCK_CAPTURE_AUTORELEASING = YES;
				CLANG_WARN_BOOL_CONVERSION = YES;
				CLANG_WARN_COMMA = YES;
				CLANG_WARN_CONSTANT_CONVERSION = YES;
				CLANG_WARN_DEPRECATED_OBJC_IMPLEMENTATIONS = YES;
				CLANG_WARN_DIRECT_OBJC_ISA_USAGE = YES_ERROR;
				CLANG_WARN_DOCUMENTATION_COMMENTS = YES;
				CLANG_WARN_EMPTY_BODY = YES;
				CLANG_WARN_ENUM_CONVERSION = YES;
				CLANG_WARN_INFINITE_RECURSION = YES;
				CLANG_WARN_INT_CONVERSION = YES;
				CLANG_WARN_NON_LITERAL_NULL_CONVERSION = YES;
				CLANG_WARN_OBJC_IMPLICIT_RETAIN_SELF = YES;
				CLANG_WARN_OBJC_LITERAL_CONVERSION = YES;
				CLANG_WARN_OBJC_ROOT_CLASS = YES_ERROR;
				CLANG_WARN_QUOTED_INCLUDE_IN_FRAMEWORK_HEADER = YES;
				CLANG_WARN_RANGE_LOOP_ANALYSIS = YES;
				CLANG_WARN_STRICT_PROTOTYPES = YES;
				CLANG_WARN_SUSPICIOUS_MOVE = YES;
				CLANG_WARN_UNGUARDED_AVAILABILITY = YES_AGGRESSIVE;
				CLANG_WARN_UNREACHABLE_CODE = YES;
				CLANG_WARN__DUPLICATE_METHOD_MATCH = YES;
				COPY_PHASE_STRIP = NO;
				DEBUG_INFORMATION_FORMAT = dwarf;
				ENABLE_STRICT_OBJC_MSGSEND = YES;
				ENABLE_TESTABILITY = YES;
				GCC_C_LANGUAGE_STANDARD = gnu11;
				GCC_DYNAMIC_NO_PIC = NO;
				GCC_NO_COMMON_BLOCKS = YES;
				GCC_OPTIMIZATION_LEVEL = 0;
				GCC_PREPROCESSOR_DEFINITIONS = (
					"DEBUG=1",
					"$(inherited)",
				);
				GCC_WARN_64_TO_32_BIT_CONVERSION = YES;
				GCC_WARN_ABOUT_RETURN_TYPE = YES_ERROR;
				GCC_WARN_UNDECLARED_SELECTOR = YES;
				GCC_WARN_UNINITIALIZED_AUTOS = YES_AGGRESSIVE;
				GCC_WARN_UNUSED_FUNCTION = YES;
				GCC_WARN_UNUSED_VARIABLE = YES;
				IPHONEOS_DEPLOYMENT_TARGET = 16.2;
				MTL_ENABLE_DEBUG_INFO = INCLUDE_SOURCE;
				MTL_FAST_MATH = YES;
				ONLY_ACTIVE_ARCH = YES;
				SDKROOT = iphoneos;
				SWIFT_ACTIVE_COMPILATION_CONDITIONS = DEBUG;
				SWIFT_OPTIMIZATION_LEVEL = "-Onone";
			};
			name = Debug;
		};
		E6108FD32ACD73B000A8F1D7 /* Release */ = {
			isa = XCBuildConfiguration;
			buildSettings = {
				ALWAYS_SEARCH_USER_PATHS = NO;
				CLANG_ANALYZER_NONNULL = YES;
				CLANG_ANALYZER_NUMBER_OBJECT_CONVERSION = YES_AGGRESSIVE;
				CLANG_CXX_LANGUAGE_STANDARD = "gnu++20";
				CLANG_ENABLE_MODULES = YES;
				CLANG_ENABLE_OBJC_ARC = YES;
				CLANG_ENABLE_OBJC_WEAK = YES;
				CLANG_WARN_BLOCK_CAPTURE_AUTORELEASING = YES;
				CLANG_WARN_BOOL_CONVERSION = YES;
				CLANG_WARN_COMMA = YES;
				CLANG_WARN_CONSTANT_CONVERSION = YES;
				CLANG_WARN_DEPRECATED_OBJC_IMPLEMENTATIONS = YES;
				CLANG_WARN_DIRECT_OBJC_ISA_USAGE = YES_ERROR;
				CLANG_WARN_DOCUMENTATION_COMMENTS = YES;
				CLANG_WARN_EMPTY_BODY = YES;
				CLANG_WARN_ENUM_CONVERSION = YES;
				CLANG_WARN_INFINITE_RECURSION = YES;
				CLANG_WARN_INT_CONVERSION = YES;
				CLANG_WARN_NON_LITERAL_NULL_CONVERSION = YES;
				CLANG_WARN_OBJC_IMPLICIT_RETAIN_SELF = YES;
				CLANG_WARN_OBJC_LITERAL_CONVERSION = YES;
				CLANG_WARN_OBJC_ROOT_CLASS = YES_ERROR;
				CLANG_WARN_QUOTED_INCLUDE_IN_FRAMEWORK_HEADER = YES;
				CLANG_WARN_RANGE_LOOP_ANALYSIS = YES;
				CLANG_WARN_STRICT_PROTOTYPES = YES;
				CLANG_WARN_SUSPICIOUS_MOVE = YES;
				CLANG_WARN_UNGUARDED_AVAILABILITY = YES_AGGRESSIVE;
				CLANG_WARN_UNREACHABLE_CODE = YES;
				CLANG_WARN__DUPLICATE_METHOD_MATCH = YES;
				COPY_PHASE_STRIP = NO;
				DEBUG_INFORMATION_FORMAT = "dwarf-with-dsym";
				ENABLE_NS_ASSERTIONS = NO;
				ENABLE_STRICT_OBJC_MSGSEND = YES;
				GCC_C_LANGUAGE_STANDARD = gnu11;
				GCC_NO_COMMON_BLOCKS = YES;
				GCC_WARN_64_TO_32_BIT_CONVERSION = YES;
				GCC_WARN_ABOUT_RETURN_TYPE = YES_ERROR;
				GCC_WARN_UNDECLARED_SELECTOR = YES;
				GCC_WARN_UNINITIALIZED_AUTOS = YES_AGGRESSIVE;
				GCC_WARN_UNUSED_FUNCTION = YES;
				GCC_WARN_UNUSED_VARIABLE = YES;
				IPHONEOS_DEPLOYMENT_TARGET = 16.2;
				MTL_ENABLE_DEBUG_INFO = NO;
				MTL_FAST_MATH = YES;
				SDKROOT = iphoneos;
				SWIFT_COMPILATION_MODE = wholemodule;
				SWIFT_OPTIMIZATION_LEVEL = "-O";
				VALIDATE_PRODUCT = YES;
			};
			name = Release;
		};
		E6108FD52ACD73B000A8F1D7 /* Debug */ = {
			isa = XCBuildConfiguration;
			buildSettings = {
				ASSETCATALOG_COMPILER_APPICON_NAME = AppIcon;
				ASSETCATALOG_COMPILER_GLOBAL_ACCENT_COLOR_NAME = AccentColor;
				CODE_SIGN_STYLE = Automatic;
				CURRENT_PROJECT_VERSION = 1;
				DEVELOPMENT_ASSET_PATHS = "\"delivery Chefs/Preview Content\"";
				DEVELOPMENT_TEAM = X6R46YMZ66;
				ENABLE_PREVIEWS = YES;
				GENERATE_INFOPLIST_FILE = YES;
				INFOPLIST_KEY_UIApplicationSceneManifest_Generation = YES;
				INFOPLIST_KEY_UIApplicationSupportsIndirectInputEvents = YES;
				INFOPLIST_KEY_UILaunchScreen_Generation = YES;
				INFOPLIST_KEY_UISupportedInterfaceOrientations_iPad = "UIInterfaceOrientationPortrait UIInterfaceOrientationPortraitUpsideDown UIInterfaceOrientationLandscapeLeft UIInterfaceOrientationLandscapeRight";
				INFOPLIST_KEY_UISupportedInterfaceOrientations_iPhone = "UIInterfaceOrientationPortrait UIInterfaceOrientationLandscapeLeft UIInterfaceOrientationLandscapeRight";
				LD_RUNPATH_SEARCH_PATHS = (
					"$(inherited)",
					"@executable_path/Frameworks",
				);
				MARKETING_VERSION = 1.0;
				PRODUCT_BUNDLE_IDENTIFIER = "com.chefs.study.delivery-Chefs";
				PRODUCT_NAME = "$(TARGET_NAME)";
				SWIFT_EMIT_LOC_STRINGS = YES;
				SWIFT_VERSION = 5.0;
				TARGETED_DEVICE_FAMILY = "1,2";
			};
			name = Debug;
		};
		E6108FD62ACD73B000A8F1D7 /* Release */ = {
			isa = XCBuildConfiguration;
			buildSettings = {
				ASSETCATALOG_COMPILER_APPICON_NAME = AppIcon;
				ASSETCATALOG_COMPILER_GLOBAL_ACCENT_COLOR_NAME = AccentColor;
				CODE_SIGN_STYLE = Automatic;
				CURRENT_PROJECT_VERSION = 1;
				DEVELOPMENT_ASSET_PATHS = "\"delivery Chefs/Preview Content\"";
				DEVELOPMENT_TEAM = X6R46YMZ66;
				ENABLE_PREVIEWS = YES;
				GENERATE_INFOPLIST_FILE = YES;
				INFOPLIST_KEY_UIApplicationSceneManifest_Generation = YES;
				INFOPLIST_KEY_UIApplicationSupportsIndirectInputEvents = YES;
				INFOPLIST_KEY_UILaunchScreen_Generation = YES;
				INFOPLIST_KEY_UISupportedInterfaceOrientations_iPad = "UIInterfaceOrientationPortrait UIInterfaceOrientationPortraitUpsideDown UIInterfaceOrientationLandscapeLeft UIInterfaceOrientationLandscapeRight";
				INFOPLIST_KEY_UISupportedInterfaceOrientations_iPhone = "UIInterfaceOrientationPortrait UIInterfaceOrientationLandscapeLeft UIInterfaceOrientationLandscapeRight";
				LD_RUNPATH_SEARCH_PATHS = (
					"$(inherited)",
					"@executable_path/Frameworks",
				);
				MARKETING_VERSION = 1.0;
				PRODUCT_BUNDLE_IDENTIFIER = "com.chefs.study.delivery-Chefs";
				PRODUCT_NAME = "$(TARGET_NAME)";
				SWIFT_EMIT_LOC_STRINGS = YES;
				SWIFT_VERSION = 5.0;
				TARGETED_DEVICE_FAMILY = "1,2";
			};
			name = Release;
		};
/* End XCBuildConfiguration section */

/* Begin XCConfigurationList section */
		E6108FC12ACD73AB00A8F1D7 /* Build configuration list for PBXProject "delivery Chefs" */ = {
			isa = XCConfigurationList;
			buildConfigurations = (
				E6108FD22ACD73B000A8F1D7 /* Debug */,
				E6108FD32ACD73B000A8F1D7 /* Release */,
			);
			defaultConfigurationIsVisible = 0;
			defaultConfigurationName = Release;
		};
		E6108FD42ACD73B000A8F1D7 /* Build configuration list for PBXNativeTarget "delivery Chefs" */ = {
			isa = XCConfigurationList;
			buildConfigurations = (
				E6108FD52ACD73B000A8F1D7 /* Debug */,
				E6108FD62ACD73B000A8F1D7 /* Release */,
			);
			defaultConfigurationIsVisible = 0;
			defaultConfigurationName = Release;
		};
/* End XCConfigurationList section */
	};
	rootObject = E6108FBE2ACD73AB00A8F1D7 /* Project object */;
}
